version: 1
setup_version: 1
files:
  - path: .orc/agents/bug-reproducer.md
    sha256: 7c255a58287a4247baa8cc1c0aa9dace24329460542743f4c2b9f70dd5ead8fa
  - path: .orc/agents/coder.md
    sha256: 27daec040196a849511973acc131800fba69daf8448c38656eb6cd787d4259a5
  - path: .orc/agents/docs-reviewer.md
    sha256: 753ec28c495e5fd83fdc6628f3968adec7d30c0965ca8ac7aabf8c6eed0fc4eb
  - path: .orc/agents/mechanical-coder.md
    sha256: 85eb4aede60bd6d5b4d1e3c2d940265c10ebb797464c1a3d3db296631c99ac21
  - path: .orc/agents/mechanical-reviewer.md
    sha256: 7762e458ee6f3dddb4278c5390fbfc13e80d8410c495639d1908f2af927c6d32
  - path: .orc/agents/planner.md
    sha256: 773c92dacf073d40d15bca3c76c19c2ac10e28860f0ca9b9c1b62b7078bbe68b
  - path: .orc/agents/readability-reviewer.md
    sha256: 876a714cabea2552493951d93cbdedbaf78e2d875364b11a7e13adc59128bf25
  - path: .orc/agents/redundancy-reviewer.md
    sha256: a65d5daf1814181e81bee18b5e675c8ae0c97fac75ac06fbc72f5f52c8a60635
  - path: .orc/agents/reviewer.md
    sha256: b5af3de01c6d5475a10b6db30687c1fa1f3cf55d7d7d0f395e86d6218acc3e8e
  - path: .orc/agents/test-designer.md
    sha256: 8d852fa9e26de15d9d8573db7df6e3f6c230c9931510153b095720e4fdc70c37
  - path: .orc/agents/tester.md
    sha256: 75d0f22546afe525392b60bcc87667f3d3ffb6dbb60b729219aeae0d64cca958
  - path: .orc/workflows/bugfix.yaml
    sha256: 863581b2997c7d78168fa5eec112d2ad8afeb60449361e856e80f97d3d69d204
  - path: .orc/workflows/docs-update.yaml
    sha256: 28dc0024c4a6f95208addf11f1ec9e7bbc7220f59555a1811bc41859e0f2302d
  - path: .orc/workflows/mechanical-change.yaml
    sha256: 84d155e9147595697c49602a49a4aa5d42c18e18630742d083e7ed73b96b02d4
  - path: .orc/workflows/review-docs.yaml
    sha256: cf97c6fee9090f2dd15b2b42e470a86f48039b544f6c1c63935bef1cf51eecf3
  - path: .orc/workflows/review-fix.yaml
    sha256: b13876955c713d36c0c03942225312d5fabf9b339e51331227bf21353cd360d6
  - path: .orc/workflows/review-mechanical.yaml
    sha256: d40a1ca0d204feac6903fc54a8adc38b5461b7e4cd3ec049e8a2fd270b3e29b2
  - path: .orc/workflows/review-readability.yaml
    sha256: e83b8670df849bfdfe1cb159b0d5e97dc2ba5cfa16bae588572413410f6626d1
  - path: .orc/workflows/review-redundancy.yaml
    sha256: 3337d3135f116d5b1cb544333c53a499222989ca0f685d31ec4fb2f376320b54
  - path: .orc/workflows/test-only.yaml
    sha256: 0a8e4aadfab38a855eda309a5a3f3bd0f4c4f5d8ff1efa78296df26c545b7613
