{
  "nodes": {
    "beads": {
      "inputs": {
        "nixpkgs": [
          "nixpkgs"
        ]
      },
      "locked": {
        "lastModified": 1781349268,
        "narHash": "sha256-5rvJRp7Btjlsa2sMw3nTLZAuWeAcxSAhpnvQnR8r/kc=",
        "owner": "gastownhall",
        "repo": "beads",
        "rev": "e8ae7a291a39e592d452df09dcb99eeb7dfecd70",
        "type": "github"
      },
      "original": {
        "owner": "gastownhall",
        "repo": "beads",
        "type": "github"
      }
    },
    "nixpkgs": {
      "locked": {
        "lastModified": 1781074563,
        "narHash": "sha256-md8WlXOlfnIeHeOScMTTHFyf2d6iaTwPl2apR5EQ3P4=",
        "owner": "NixOS",
        "repo": "nixpkgs",
        "rev": "9ae611a455b90cf061d8f332b977e387bda8e1ca",
        "type": "github"
      },
      "original": {
        "owner": "NixOS",
        "ref": "nixos-unstable",
        "repo": "nixpkgs",
        "type": "github"
      }
    },
    "root": {
      "inputs": {
        "beads": "beads",
        "nixpkgs": "nixpkgs"
      }
    }
  },
  "root": "root",
  "version": 7
}
